
Microsoft Visual Studio Solution File, Format Version 11.00
# Visual Studio 2010
Project("{FAE04EC0-301F-11D3-BF4B-00C04F79EFBC}") = "Assembly-CSharp", "Assembly-CSharp.csproj", "{2E6EF9A1-FA7D-31DB-2246-F7182A3F92B8}"
EndProject
Project("{FAE04EC0-301F-11D3-BF4B-00C04F79EFBC}") = "Oculus.VR", "Oculus.VR.csproj", "{C4C7AFDD-B519-85D2-B4E3-41E208664E7B}"
EndProject
Project("{FAE04EC0-301F-11D3-BF4B-00C04F79EFBC}") = "Assembly-CSharp-firstpass", "Assembly-CSharp-firstpass.csproj", "{9B080012-AA7E-8614-167D-446A3301BF4E}"
EndProject
Project("{FAE04EC0-301F-11D3-BF4B-00C04F79EFBC}") = "Assembly-CSharp-Editor", "Assembly-CSharp-Editor.csproj", "{03026772-B8BA-98CB-85AF-B8C77A36E97F}"
EndProject
Project("{FAE04EC0-301F-11D3-BF4B-00C04F79EFBC}") = "Assembly-CSharp-Editor-firstpass", "Assembly-CSharp-Editor-firstpass.csproj", "{9C247608-40C6-BFF2-4DB5-AC297393D47A}"
EndProject
Project("{FAE04EC0-301F-11D3-BF4B-00C04F79EFBC}") = "Oculus.VR.Scripts.Editor", "Oculus.VR.Scripts.Editor.csproj", "{CA647170-BCD6-66C9-0256-F80E72F632F4}"
EndProject
Project("{FAE04EC0-301F-11D3-BF4B-00C04F79EFBC}") = "Oculus.VR.Editor", "Oculus.VR.Editor.csproj", "{4008A9AF-29C9-0F65-DFF8-01C1344C47ED}"
EndProject
Global
	GlobalSection(SolutionConfigurationPlatforms) = preSolution
		Debug|Any CPU = Debug|Any CPU
		Release|Any CPU = Release|Any CPU
	EndGlobalSection
	GlobalSection(ProjectConfigurationPlatforms) = postSolution
		{2E6EF9A1-FA7D-31DB-2246-F7182A3F92B8}.Debug|Any CPU.ActiveCfg = Debug|Any CPU
		{2E6EF9A1-FA7D-31DB-2246-F7182A3F92B8}.Debug|Any CPU.Build.0 = Debug|Any CPU
		{2E6EF9A1-FA7D-31DB-2246-F7182A3F92B8}.Release|Any CPU.ActiveCfg = Release|Any CPU
		{2E6EF9A1-FA7D-31DB-2246-F7182A3F92B8}.Release|Any CPU.Build.0 = Release|Any CPU
		{C4C7AFDD-B519-85D2-B4E3-41E208664E7B}.Debug|Any CPU.ActiveCfg = Debug|Any CPU
		{C4C7AFDD-B519-85D2-B4E3-41E208664E7B}.Debug|Any CPU.Build.0 = Debug|Any CPU
		{C4C7AFDD-B519-85D2-B4E3-41E208664E7B}.Release|Any CPU.ActiveCfg = Release|Any CPU
		{C4C7AFDD-B519-85D2-B4E3-41E208664E7B}.Release|Any CPU.Build.0 = Release|Any CPU
		{9B080012-AA7E-8614-167D-446A3301BF4E}.Debug|Any CPU.ActiveCfg = Debug|Any CPU
		{9B080012-AA7E-8614-167D-446A3301BF4E}.Debug|Any CPU.Build.0 = Debug|Any CPU
		{9B080012-AA7E-8614-167D-446A3301BF4E}.Release|Any CPU.ActiveCfg = Release|Any CPU
		{9B080012-AA7E-8614-167D-446A3301BF4E}.Release|Any CPU.Build.0 = Release|Any CPU
		{03026772-B8BA-98CB-85AF-B8C77A36E97F}.Debug|Any CPU.ActiveCfg = Debug|Any CPU
		{03026772-B8BA-98CB-85AF-B8C77A36E97F}.Debug|Any CPU.Build.0 = Debug|Any CPU
		{03026772-B8BA-98CB-85AF-B8C77A36E97F}.Release|Any CPU.ActiveCfg = Release|Any CPU
		{03026772-B8BA-98CB-85AF-B8C77A36E97F}.Release|Any CPU.Build.0 = Release|Any CPU
		{9C247608-40C6-BFF2-4DB5-AC297393D47A}.Debug|Any CPU.ActiveCfg = Debug|Any CPU
		{9C247608-40C6-BFF2-4DB5-AC297393D47A}.Debug|Any CPU.Build.0 = Debug|Any CPU
		{9C247608-40C6-BFF2-4DB5-AC297393D47A}.Release|Any CPU.ActiveCfg = Release|Any CPU
		{9C247608-40C6-BFF2-4DB5-AC297393D47A}.Release|Any CPU.Build.0 = Release|Any CPU
		{CA647170-BCD6-66C9-0256-F80E72F632F4}.Debug|Any CPU.ActiveCfg = Debug|Any CPU
		{CA647170-BCD6-66C9-0256-F80E72F632F4}.Debug|Any CPU.Build.0 = Debug|Any CPU
		{CA647170-BCD6-66C9-0256-F80E72F632F4}.Release|Any CPU.ActiveCfg = Release|Any CPU
		{CA647170-BCD6-66C9-0256-F80E72F632F4}.Release|Any CPU.Build.0 = Release|Any CPU
		{4008A9AF-29C9-0F65-DFF8-01C1344C47ED}.Debug|Any CPU.ActiveCfg = Debug|Any CPU
		{4008A9AF-29C9-0F65-DFF8-01C1344C47ED}.Debug|Any CPU.Build.0 = Debug|Any CPU
		{4008A9AF-29C9-0F65-DFF8-01C1344C47ED}.Release|Any CPU.ActiveCfg = Release|Any CPU
		{4008A9AF-29C9-0F65-DFF8-01C1344C47ED}.Release|Any CPU.Build.0 = Release|Any CPU
	EndGlobalSection
	GlobalSection(SolutionProperties) = preSolution
		HideSolutionNode = FALSE
	EndGlobalSection
	GlobalSection(MonoDevelopProperties) = preSolution
		StartupItem = Assembly-CSharp.csproj
	EndGlobalSection
EndGlobal
